
Microsoft Visual Studio Solution File, Format Version 12.00
# Visual Studio Version 17
VisualStudioVersion = 17.14.36414.22 d17.14
MinimumVisualStudioVersion = 10.0.40219.1
Project("{FAE04EC0-301F-11D3-BF4B-00C04F79EFBC}") = "KawkiWeb", "KawkiWeb\KawkiWeb.csproj", "{95178319-7465-41B9-A78B-2E7B8251AAEF}"
EndProject
Global
	GlobalSection(SolutionConfigurationPlatforms) = preSolution
		Debug|Any CPU = Debug|Any CPU
		Release|Any CPU = Release|Any CPU
	EndGlobalSection
	GlobalSection(ProjectConfigurationPlatforms) = postSolution
		{95178319-7465-41B9-A78B-2E7B8251AAEF}.Debug|Any CPU.ActiveCfg = Debug|Any CPU
		{95178319-7465-41B9-A78B-2E7B8251AAEF}.Debug|Any CPU.Build.0 = Debug|Any CPU
		{95178319-7465-41B9-A78B-2E7B8251AAEF}.Release|Any CPU.ActiveCfg = Release|Any CPU
		{95178319-7465-41B9-A78B-2E7B8251AAEF}.Release|Any CPU.Build.0 = Release|Any CPU
	EndGlobalSection
	GlobalSection(SolutionProperties) = preSolution
		HideSolutionNode = FALSE
	EndGlobalSection
	GlobalSection(ExtensibilityGlobals) = postSolution
		SolutionGuid = {80853FC2-694F-4754-8E38-B2B7BF06101D}
	EndGlobalSection
EndGlobal
